
Microsoft Visual Studio Solution File, Format Version 12.00
# Visual Studio Version 17
VisualStudioVersion = 17.6.33815.320
MinimumVisualStudioVersion = 10.0.40219.1
Project("{FAE04EC0-301F-11D3-BF4B-00C04F79EFBC}") = "demiryoluSistemi", "demiryoluSistemi\demiryoluSistemi.csproj", "{BBBE5844-CD10-405D-8FE6-EA188E79C25B}"
EndProject
Global
	GlobalSection(SolutionConfigurationPlatforms) = preSolution
		Debug|Any CPU = Debug|Any CPU
		Release|Any CPU = Release|Any CPU
	EndGlobalSection
	GlobalSection(ProjectConfigurationPlatforms) = postSolution
		{BBBE5844-CD10-405D-8FE6-EA188E79C25B}.Debug|Any CPU.ActiveCfg = Debug|Any CPU
		{BBBE5844-CD10-405D-8FE6-EA188E79C25B}.Debug|Any CPU.Build.0 = Debug|Any CPU
		{BBBE5844-CD10-405D-8FE6-EA188E79C25B}.Release|Any CPU.ActiveCfg = Release|Any CPU
		{BBBE5844-CD10-405D-8FE6-EA188E79C25B}.Release|Any CPU.Build.0 = Release|Any CPU
	EndGlobalSection
	GlobalSection(SolutionProperties) = preSolution
		HideSolutionNode = FALSE
	EndGlobalSection
	GlobalSection(ExtensibilityGlobals) = postSolution
		SolutionGuid = {B1C21A85-C5FD-4CE7-A10C-F23FDDF400E7}
	EndGlobalSection
EndGlobal
